Microsoft Visual Studio Solution File, Format Version 12.00
# Visual Studio 2012
Project("{FAE04EC0-301F-11D3-BF4B-00C04F79EFBC}") = "PantherHacks2026", "PantherHacks2026.csproj", "{FA48DF21-802A-44AD-BCC0-EB2D97545323}"
EndProject
Global
	GlobalSection(SolutionConfigurationPlatforms) = preSolution
	Debug|Any CPU = Debug|Any CPU
	ExportDebug|Any CPU = ExportDebug|Any CPU
	ExportRelease|Any CPU = ExportRelease|Any CPU
	EndGlobalSection
	GlobalSection(ProjectConfigurationPlatforms) = postSolution
		{FA48DF21-802A-44AD-BCC0-EB2D97545323}.Debug|Any CPU.ActiveCfg = Debug|Any CPU
		{FA48DF21-802A-44AD-BCC0-EB2D97545323}.Debug|Any CPU.Build.0 = Debug|Any CPU
		{FA48DF21-802A-44AD-BCC0-EB2D97545323}.ExportDebug|Any CPU.ActiveCfg = ExportDebug|Any CPU
		{FA48DF21-802A-44AD-BCC0-EB2D97545323}.ExportDebug|Any CPU.Build.0 = ExportDebug|Any CPU
		{FA48DF21-802A-44AD-BCC0-EB2D97545323}.ExportRelease|Any CPU.ActiveCfg = ExportRelease|Any CPU
		{FA48DF21-802A-44AD-BCC0-EB2D97545323}.ExportRelease|Any CPU.Build.0 = ExportRelease|Any CPU
	EndGlobalSection
EndGlobal
